{
  "name": "sk-backend",
  "version": "1.0.0",
  "lockfileVersion": 3,
  "requires": true,
  "packages": {
    "": {
      "name": "sk-backend",
      "version": "1.0.0",
      "license": "ISC",
      "dependencies": {
        "sk-backend": "^1.0.0"
      }
    },
    "node_modules/sk-backend": {
      "version": "1.0.0",
      "resolved": "https://registry.npmjs.org/sk-backend/-/sk-backend-1.0.0.tgz",
      "integrity": "sha512-NEretcRJgedMMoMHQrXRK8qq+9640Kj8RVNeLiv4/gxk7OMZWgrrSX9Nj8/SFTvz4zqH4IhUh8lZ/NJWgqmkTA==",
      "license": "ISC"
    }
  }
}
